dependencies:
  apollo-boost: 0.3.1
  graphql: 14.2.1
  react-apollo-hooks: 0.4.5
lockfileVersion: 5
packages:
  /@types/zen-observable/0.8.0:
    dev: false
    resolution:
      integrity: sha512-te5lMAWii1uEJ4FwLjzdlbw3+n0FZNOvFXHxQDKeT0dilh7HOzdMzV2TrJVUzq8ep7J4Na8OUYPRLSQkJHAlrg==
  /apollo-boost/0.3.1:
    dependencies:
      apollo-cache: 1.2.1
      apollo-cache-inmemory: 1.5.1
      apollo-client: 2.5.1
      apollo-link: 1.2.11
      apollo-link-error: 1.1.10
      apollo-link-http: 1.5.14
      graphql-tag: 2.10.1
      ts-invariant: 0.2.1
      tslib: 1.9.3
    dev: false
    peerDependencies:
      graphql: ^0.11.0 || ^0.12.0 || ^0.13.0 || ^14.0.0
    resolution:
      integrity: sha512-VdXcTMxLBeNvANW/FtiarEkrRr/cepYKG6wTAURdy8CS33WYpEHtIg9S8tAjxwVzIECpE4lWyDKyPLoESJ072Q==
  /apollo-cache-inmemory/1.5.1:
    dependencies:
      apollo-cache: 1.2.1
      apollo-utilities: 1.2.1
      optimism: 0.6.9
      ts-invariant: 0.2.1
      tslib: 1.9.3
    dev: false
    peerDependencies:
      graphql: 0.11.7 || ^0.12.0 || ^0.13.0 || ^14.0.0
    resolution:
      integrity: sha512-D3bdpPmWfaKQkWy8lfwUg+K8OBITo3sx0BHLs1B/9vIdOIZ7JNCKq3EUcAgAfInomJUdN0QG1yOfi8M8hxkN1g==
  /apollo-cache/1.2.1:
    dependencies:
      apollo-utilities: 1.2.1
      tslib: 1.9.3
    dev: false
    resolution:
      integrity: sha512-nzFmep/oKlbzUuDyz6fS6aYhRmfpcHWqNkkA9Bbxwk18RD6LXC4eZkuE0gXRX0IibVBHNjYVK+Szi0Yied4SpQ==
  /apollo-client/2.5.1:
    dependencies:
      '@types/zen-observable': 0.8.0
      apollo-cache: 1.2.1
      apollo-link: 1.2.11
      apollo-link-dedup: 1.0.18
      apollo-utilities: 1.2.1
      symbol-observable: 1.2.0
      ts-invariant: 0.2.1
      tslib: 1.9.3
      zen-observable: 0.8.14
    dev: false
    peerDependencies:
      graphql: ^0.11.0 || ^0.12.0 || ^0.13.0 || ^14.0.0
    resolution:
      integrity: sha512-MNcQKiqLHdGmNJ0rZ0NXaHrToXapJgS/5kPk0FygXt+/FmDCdzqcujI7OPxEC6e9Yw5S/8dIvOXcRNuOMElHkA==
  /apollo-link-dedup/1.0.18:
    dependencies:
      apollo-link: 1.2.11
      tslib: 1.9.3
    dev: false
    resolution:
      integrity: sha512-1rr54wyMTuqUmbWvcXbwduIcaCDcuIgU6MqQ599nAMuTrbSOXthGfoAD8BDTxBGQ9roVlM7ABP0VZVEWRoHWSg==
  /apollo-link-error/1.1.10:
    dependencies:
      apollo-link: 1.2.11
      apollo-link-http-common: 0.2.13
      tslib: 1.9.3
    dev: false
    resolution:
      integrity: sha512-itG5UV7mQqaalmRkuRsF0cUS4zW2ja8XCbxkMZnIEeN24X3yoJi5hpJeAaEkXf0KgYNsR0+rmtCQNruWyxDnZQ==
  /apollo-link-http-common/0.2.13:
    dependencies:
      apollo-link: 1.2.11
      ts-invariant: 0.3.3
      tslib: 1.9.3
    dev: false
    peerDependencies:
      graphql: ^0.11.0 || ^0.12.0 || ^0.13.0 || ^14.0.0
    resolution:
      integrity: sha512-Uyg1ECQpTTA691Fwx5e6Rc/6CPSu4TB4pQRTGIpwZ4l5JDOQ+812Wvi/e3IInmzOZpwx5YrrOfXrtN8BrsDXoA==
  /apollo-link-http/1.5.14:
    dependencies:
      apollo-link: 1.2.11
      apollo-link-http-common: 0.2.13
      tslib: 1.9.3
    dev: false
    peerDependencies:
      graphql: ^0.11.0 || ^0.12.0 || ^0.13.0 || ^14.0.0
    resolution:
      integrity: sha512-XEoPXmGpxFG3wioovgAlPXIarWaW4oWzt8YzjTYZ87R4R7d1A3wKR/KcvkdMV1m5G7YSAHcNkDLe/8hF2nH6cg==
  /apollo-link/1.2.11:
    dependencies:
      apollo-utilities: 1.2.1
      ts-invariant: 0.3.3
      tslib: 1.9.3
      zen-observable-ts: 0.8.18
    dev: false
    peerDependencies:
      graphql: ^0.11.3 || ^0.12.3 || ^0.13.0 || ^14.0.0
    resolution:
      integrity: sha512-PQvRCg13VduLy3X/0L79M6uOpTh5iHdxnxYuo8yL7sJlWybKRJwsv4IcRBJpMFbChOOaHY7Og9wgPo6DLKDKDA==
  /apollo-utilities/1.2.1:
    dependencies:
      fast-json-stable-stringify: 2.0.0
      ts-invariant: 0.2.1
      tslib: 1.9.3
    dev: false
    peerDependencies:
      graphql: ^0.11.0 || ^0.12.0 || ^0.13.0 || ^14.0.0
    resolution:
      integrity: sha512-Zv8Udp9XTSFiN8oyXOjf6PMHepD4yxxReLsl6dPUy5Ths7jti3nmlBzZUOxuTWRwZn0MoclqL7RQ5UEJN8MAxg==
  /fast-json-stable-stringify/2.0.0:
    dev: false
    resolution:
      integrity: sha1-1RQsDK7msRifh9OnYREGT4bIu/I=
  /graphql-tag/2.10.1:
    dev: false
    peerDependencies:
      graphql: ^0.9.0 || ^0.10.0 || ^0.11.0 || ^0.12.0 || ^0.13.0 || ^14.0.0
    resolution:
      integrity: sha512-jApXqWBzNXQ8jYa/HLkZJaVw9jgwNqZkywa2zfFn16Iv1Zb7ELNHkJaXHR7Quvd5SIGsy6Ny7SUKATgnu05uEg==
  /graphql/14.2.1:
    dependencies:
      iterall: 1.2.2
    dev: false
    engines:
      node: '>= 6.x'
    resolution:
      integrity: sha512-2PL1UbvKeSjy/lUeJqHk+eR9CvuErXoCNwJI4jm3oNFEeY+9ELqHNKO1ZuSxAkasPkpWbmT/iMRMFxd3cEL3tQ==
  /immutable-tuple/0.4.10:
    dev: false
    resolution:
      integrity: sha512-45jheDbc3Kr5Cw8EtDD+4woGRUV0utIrJBZT8XH0TPZRfm8tzT0/sLGGzyyCCFqFMG5Pv5Igf3WY/arn6+8V9Q==
  /iterall/1.2.2:
    dev: false
    resolution:
      integrity: sha512-yynBb1g+RFUPY64fTrFv7nsjRrENBQJaX2UL+2Szc9REFrSNm1rpSXHGzhmAy7a9uv3vlvgBlXnf9RqmPH1/DA==
  /lodash/4.17.11:
    dev: false
    resolution:
      integrity: sha512-cQKh8igo5QUhZ7lg38DYWAxMvjSAKG0A8wGSVimP07SIUEK2UO+arSRKbRZWtelMtN5V0Hkwh5ryOto/SshYIg==
  /optimism/0.6.9:
    dependencies:
      immutable-tuple: 0.4.10
    dev: false
    resolution:
      integrity: sha512-xoQm2lvXbCA9Kd7SCx6y713Y7sZ6fUc5R6VYpoL5M6svKJbTuvtNopexK8sO8K4s0EOUYHuPN2+yAEsNyRggkQ==
  /react-apollo-hooks/0.4.5:
    dependencies:
      lodash: 4.17.11
    dev: false
    peerDependencies:
      apollo-client: '*'
      graphql: '*'
      react: ^16.8.0
    resolution:
      integrity: sha512-fq04h88hg4ONtlzxYInmv7Okqqstzk3UCp55jHWOlIO2lFKoZPhQrtCz7A+TrcRu8GGwtG1SsioRKN8kIQaAOQ==
  /symbol-observable/1.2.0:
    dev: false
    engines:
      node: '>=0.10.0'
    resolution:
      integrity: sha512-e900nM8RRtGhlV36KGEU9k65K3mPb1WV70OdjfxlG2EAuM1noi/E/BaW/uMhL7bPEssK8QV57vN3esixjUvcXQ==
  /ts-invariant/0.2.1:
    dependencies:
      tslib: 1.9.3
    dev: false
    resolution:
      integrity: sha512-Z/JSxzVmhTo50I+LKagEISFJW3pvPCqsMWLamCTX8Kr3N5aMrnGOqcflbe5hLUzwjvgPfnLzQtHZv0yWQ+FIHg==
  /ts-invariant/0.3.3:
    dependencies:
      tslib: 1.9.3
    dev: false
    resolution:
      integrity: sha512-UReOKsrJFGC9tUblgSRWo+BsVNbEd77Cl6WiV/XpMlkifXwNIJbknViCucHvVZkXSC/mcWeRnIGdY7uprcwvdQ==
  /tslib/1.9.3:
    dev: false
    resolution:
      integrity: sha512-4krF8scpejhaOgqzBEcGM7yDIEfi0/8+8zDRZhNZZ2kjmHJ4hv3zCbQWxoJGz1iw5U0Jl0nma13xzHXcncMavQ==
  /zen-observable-ts/0.8.18:
    dependencies:
      tslib: 1.9.3
      zen-observable: 0.8.14
    dev: false
    resolution:
      integrity: sha512-q7d05s75Rn1j39U5Oapg3HI2wzriVwERVo4N7uFGpIYuHB9ff02P/E92P9B8T7QVC93jCMHpbXH7X0eVR5LA7A==
  /zen-observable/0.8.14:
    dev: false
    resolution:
      integrity: sha512-kQz39uonEjEESwh+qCi83kcC3rZJGh4mrZW7xjkSQYXkq//JZHTtKo+6yuVloTgMtzsIWOJrjIrKvk/dqm0L5g==
specifiers:
  apollo-boost: ^0.3.1
  graphql: ^14.2.1
  react-apollo-hooks: ^0.4.5
